
Microsoft Visual Studio Solution File, Format Version 12.00
# Visual Studio Version 16
VisualStudioVersion = 16.0.31410.357
MinimumVisualStudioVersion = 10.0.40219.1
<<<<<<< HEAD
Project("{FAE04EC0-301F-11D3-BF4B-00C04F79EFBC}") = "SumAccumulator", "DotNetCourse\SumAccumulator.csproj", "{C2A06E8A-3BCA-4992-B02B-E8C00C9B8861}"
EndProject
Project("{FAE04EC0-301F-11D3-BF4B-00C04F79EFBC}") = "Average", "Average\Average.csproj", "{55331E61-30B0-4B09-B368-1FC9FCE6919B}"
EndProject
Project("{FAE04EC0-301F-11D3-BF4B-00C04F79EFBC}") = "TrapezoidArea", "TrapezoidArea\TrapezoidArea.csproj", "{0D9DFF8A-62AA-4792-A858-E88570460162}"
EndProject
Project("{FAE04EC0-301F-11D3-BF4B-00C04F79EFBC}") = "LandArea", "LandArea\LandArea.csproj", "{192FF848-58DF-42A7-B912-0555D1D423B6}"
=======
Project("{FAE04EC0-301F-11D3-BF4B-00C04F79EFBC}") = "DotNetCourse", "DotNetCourse\DotNetCourse.csproj", "{C2A06E8A-3BCA-4992-B02B-E8C00C9B8861}"
>>>>>>> 52eecfa0013bca5c79f2c981d575dfbdb2bf6385
EndProject
Global
	GlobalSection(SolutionConfigurationPlatforms) = preSolution
		Debug|Any CPU = Debug|Any CPU
		Release|Any CPU = Release|Any CPU
	EndGlobalSection
	GlobalSection(ProjectConfigurationPlatforms) = postSolution
		{C2A06E8A-3BCA-4992-B02B-E8C00C9B8861}.Debug|Any CPU.ActiveCfg = Debug|Any CPU
		{C2A06E8A-3BCA-4992-B02B-E8C00C9B8861}.Debug|Any CPU.Build.0 = Debug|Any CPU
		{C2A06E8A-3BCA-4992-B02B-E8C00C9B8861}.Release|Any CPU.ActiveCfg = Release|Any CPU
		{C2A06E8A-3BCA-4992-B02B-E8C00C9B8861}.Release|Any CPU.Build.0 = Release|Any CPU
<<<<<<< HEAD
		{55331E61-30B0-4B09-B368-1FC9FCE6919B}.Debug|Any CPU.ActiveCfg = Debug|Any CPU
		{55331E61-30B0-4B09-B368-1FC9FCE6919B}.Debug|Any CPU.Build.0 = Debug|Any CPU
		{55331E61-30B0-4B09-B368-1FC9FCE6919B}.Release|Any CPU.ActiveCfg = Release|Any CPU
		{55331E61-30B0-4B09-B368-1FC9FCE6919B}.Release|Any CPU.Build.0 = Release|Any CPU
		{0D9DFF8A-62AA-4792-A858-E88570460162}.Debug|Any CPU.ActiveCfg = Debug|Any CPU
		{0D9DFF8A-62AA-4792-A858-E88570460162}.Debug|Any CPU.Build.0 = Debug|Any CPU
		{0D9DFF8A-62AA-4792-A858-E88570460162}.Release|Any CPU.ActiveCfg = Release|Any CPU
		{0D9DFF8A-62AA-4792-A858-E88570460162}.Release|Any CPU.Build.0 = Release|Any CPU
		{192FF848-58DF-42A7-B912-0555D1D423B6}.Debug|Any CPU.ActiveCfg = Debug|Any CPU
		{192FF848-58DF-42A7-B912-0555D1D423B6}.Debug|Any CPU.Build.0 = Debug|Any CPU
		{192FF848-58DF-42A7-B912-0555D1D423B6}.Release|Any CPU.ActiveCfg = Release|Any CPU
		{192FF848-58DF-42A7-B912-0555D1D423B6}.Release|Any CPU.Build.0 = Release|Any CPU
=======
>>>>>>> 52eecfa0013bca5c79f2c981d575dfbdb2bf6385
	EndGlobalSection
	GlobalSection(SolutionProperties) = preSolution
		HideSolutionNode = FALSE
	EndGlobalSection
	GlobalSection(ExtensibilityGlobals) = postSolution
		SolutionGuid = {B34C468F-F106-46CF-8576-49E9FC593DAE}
	EndGlobalSection
EndGlobal
