
Microsoft Visual Studio Solution File, Format Version 12.00
# Visual Studio Version 16
VisualStudioVersion = 16.0.31410.357
MinimumVisualStudioVersion = 10.0.40219.1
Project("{FAE04EC0-301F-11D3-BF4B-00C04F79EFBC}") = "Average", "Average\Average.csproj", "{55331E61-30B0-4B09-B368-1FC9FCE6919B}"
EndProject
Project("{FAE04EC0-301F-11D3-BF4B-00C04F79EFBC}") = "TrapezoidArea", "TrapezoidArea\TrapezoidArea.csproj", "{0D9DFF8A-62AA-4792-A858-E88570460162}"
EndProject
Project("{FAE04EC0-301F-11D3-BF4B-00C04F79EFBC}") = "LandArea", "LandArea\LandArea.csproj", "{192FF848-58DF-42A7-B912-0555D1D423B6}"
EndProject
Project("{FAE04EC0-301F-11D3-BF4B-00C04F79EFBC}") = "SumAccumulator", "SumAccumulator\SumAccumulator.csproj", "{A55C2E68-2C60-4D51-B656-8D16E181A99A}"
EndProject
Project("{FAE04EC0-301F-11D3-BF4B-00C04F79EFBC}") = "DateConverter", "DateConverter\DateConverter.csproj", "{82E77022-5572-4DC8-9CFA-B88CD548724D}"
EndProject
Project("{FAE04EC0-301F-11D3-BF4B-00C04F79EFBC}") = "AcceptanceTest", "AcceptanceTest\AcceptanceTest.csproj", "{447E1FD6-AB76-4180-A5D2-ADA84520ED00}"
EndProject
Project("{FAE04EC0-301F-11D3-BF4B-00C04F79EFBC}") = "TextColorAndSplit", "TextColorAndSplit\TextColorAndSplit.csproj", "{E6797FE5-6FCB-41F6-884C-6E8AA18C13AE}"
EndProject
Project("{FAE04EC0-301F-11D3-BF4B-00C04F79EFBC}") = "Snack", "Snack\Snack.csproj", "{7B2553CF-778B-4EAF-9B6C-99CFF557B1B6}"
EndProject
Project("{FAE04EC0-301F-11D3-BF4B-00C04F79EFBC}") = "CumulativeAllocation", "CumulativeAllocation\CumulativeAllocation.csproj", "{70C1B2E2-D359-46C9-BF0B-74C7EA6B1967}"
EndProject
Project("{FAE04EC0-301F-11D3-BF4B-00C04F79EFBC}") = "DaysOfTheWeek", "DaysOfTheWeek\DaysOfTheWeek.csproj", "{0C14C67A-1B32-49D3-8BB4-CA3D7F2D7652}"
EndProject
Project("{FAE04EC0-301F-11D3-BF4B-00C04F79EFBC}") = "Multiples", "Multiples\Multiples.csproj", "{7456C489-CB39-4E39-98B3-16C4AFDD615F}"
EndProject
Global
	GlobalSection(SolutionConfigurationPlatforms) = preSolution
		Debug|Any CPU = Debug|Any CPU
		Release|Any CPU = Release|Any CPU
	EndGlobalSection
	GlobalSection(ProjectConfigurationPlatforms) = postSolution
		{55331E61-30B0-4B09-B368-1FC9FCE6919B}.Debug|Any CPU.ActiveCfg = Debug|Any CPU
		{55331E61-30B0-4B09-B368-1FC9FCE6919B}.Debug|Any CPU.Build.0 = Debug|Any CPU
		{55331E61-30B0-4B09-B368-1FC9FCE6919B}.Release|Any CPU.ActiveCfg = Release|Any CPU
		{55331E61-30B0-4B09-B368-1FC9FCE6919B}.Release|Any CPU.Build.0 = Release|Any CPU
		{0D9DFF8A-62AA-4792-A858-E88570460162}.Debug|Any CPU.ActiveCfg = Debug|Any CPU
		{0D9DFF8A-62AA-4792-A858-E88570460162}.Debug|Any CPU.Build.0 = Debug|Any CPU
		{0D9DFF8A-62AA-4792-A858-E88570460162}.Release|Any CPU.ActiveCfg = Release|Any CPU
		{0D9DFF8A-62AA-4792-A858-E88570460162}.Release|Any CPU.Build.0 = Release|Any CPU
		{192FF848-58DF-42A7-B912-0555D1D423B6}.Debug|Any CPU.ActiveCfg = Debug|Any CPU
		{192FF848-58DF-42A7-B912-0555D1D423B6}.Debug|Any CPU.Build.0 = Debug|Any CPU
		{192FF848-58DF-42A7-B912-0555D1D423B6}.Release|Any CPU.ActiveCfg = Release|Any CPU
		{192FF848-58DF-42A7-B912-0555D1D423B6}.Release|Any CPU.Build.0 = Release|Any CPU
		{A55C2E68-2C60-4D51-B656-8D16E181A99A}.Debug|Any CPU.ActiveCfg = Debug|Any CPU
		{A55C2E68-2C60-4D51-B656-8D16E181A99A}.Debug|Any CPU.Build.0 = Debug|Any CPU
		{A55C2E68-2C60-4D51-B656-8D16E181A99A}.Release|Any CPU.ActiveCfg = Release|Any CPU
		{A55C2E68-2C60-4D51-B656-8D16E181A99A}.Release|Any CPU.Build.0 = Release|Any CPU
		{82E77022-5572-4DC8-9CFA-B88CD548724D}.Debug|Any CPU.ActiveCfg = Debug|Any CPU
		{82E77022-5572-4DC8-9CFA-B88CD548724D}.Debug|Any CPU.Build.0 = Debug|Any CPU
		{82E77022-5572-4DC8-9CFA-B88CD548724D}.Release|Any CPU.ActiveCfg = Release|Any CPU
		{82E77022-5572-4DC8-9CFA-B88CD548724D}.Release|Any CPU.Build.0 = Release|Any CPU
		{447E1FD6-AB76-4180-A5D2-ADA84520ED00}.Debug|Any CPU.ActiveCfg = Debug|Any CPU
		{447E1FD6-AB76-4180-A5D2-ADA84520ED00}.Debug|Any CPU.Build.0 = Debug|Any CPU
		{447E1FD6-AB76-4180-A5D2-ADA84520ED00}.Release|Any CPU.ActiveCfg = Release|Any CPU
		{447E1FD6-AB76-4180-A5D2-ADA84520ED00}.Release|Any CPU.Build.0 = Release|Any CPU
		{E6797FE5-6FCB-41F6-884C-6E8AA18C13AE}.Debug|Any CPU.ActiveCfg = Debug|Any CPU
		{E6797FE5-6FCB-41F6-884C-6E8AA18C13AE}.Debug|Any CPU.Build.0 = Debug|Any CPU
		{E6797FE5-6FCB-41F6-884C-6E8AA18C13AE}.Release|Any CPU.ActiveCfg = Release|Any CPU
		{E6797FE5-6FCB-41F6-884C-6E8AA18C13AE}.Release|Any CPU.Build.0 = Release|Any CPU
		{7B2553CF-778B-4EAF-9B6C-99CFF557B1B6}.Debug|Any CPU.ActiveCfg = Debug|Any CPU
		{7B2553CF-778B-4EAF-9B6C-99CFF557B1B6}.Debug|Any CPU.Build.0 = Debug|Any CPU
		{7B2553CF-778B-4EAF-9B6C-99CFF557B1B6}.Release|Any CPU.ActiveCfg = Release|Any CPU
		{7B2553CF-778B-4EAF-9B6C-99CFF557B1B6}.Release|Any CPU.Build.0 = Release|Any CPU
		{70C1B2E2-D359-46C9-BF0B-74C7EA6B1967}.Debug|Any CPU.ActiveCfg = Debug|Any CPU
		{70C1B2E2-D359-46C9-BF0B-74C7EA6B1967}.Debug|Any CPU.Build.0 = Debug|Any CPU
		{70C1B2E2-D359-46C9-BF0B-74C7EA6B1967}.Release|Any CPU.ActiveCfg = Release|Any CPU
		{70C1B2E2-D359-46C9-BF0B-74C7EA6B1967}.Release|Any CPU.Build.0 = Release|Any CPU
		{0C14C67A-1B32-49D3-8BB4-CA3D7F2D7652}.Debug|Any CPU.ActiveCfg = Debug|Any CPU
		{0C14C67A-1B32-49D3-8BB4-CA3D7F2D7652}.Debug|Any CPU.Build.0 = Debug|Any CPU
		{0C14C67A-1B32-49D3-8BB4-CA3D7F2D7652}.Release|Any CPU.ActiveCfg = Release|Any CPU
		{0C14C67A-1B32-49D3-8BB4-CA3D7F2D7652}.Release|Any CPU.Build.0 = Release|Any CPU
		{7456C489-CB39-4E39-98B3-16C4AFDD615F}.Debug|Any CPU.ActiveCfg = Debug|Any CPU
		{7456C489-CB39-4E39-98B3-16C4AFDD615F}.Debug|Any CPU.Build.0 = Debug|Any CPU
		{7456C489-CB39-4E39-98B3-16C4AFDD615F}.Release|Any CPU.ActiveCfg = Release|Any CPU
		{7456C489-CB39-4E39-98B3-16C4AFDD615F}.Release|Any CPU.Build.0 = Release|Any CPU
	EndGlobalSection
	GlobalSection(SolutionProperties) = preSolution
		HideSolutionNode = FALSE
	EndGlobalSection
	GlobalSection(ExtensibilityGlobals) = postSolution
		SolutionGuid = {B34C468F-F106-46CF-8576-49E9FC593DAE}
	EndGlobalSection
EndGlobal
